
Microsoft Visual Studio Solution File, Format Version 12.00
# Visual Studio Version 17
VisualStudioVersion = 17.0.31717.71
MinimumVisualStudioVersion = 10.0.40219.1
Project("{F5034706-568F-408A-B7B3-4D38C6DB8A32}") = "culverden-utilities", "culverden-utilities\culverden-utilities.shproj", "{6CAFC0C6-A428-4D30-A9F9-700E829FEA52}"
EndProject
Global
	GlobalSection(SolutionProperties) = preSolution
		HideSolutionNode = FALSE
	EndGlobalSection
	GlobalSection(ExtensibilityGlobals) = postSolution
		SolutionGuid = {1607b84c-bf61-459c-bde0-baa98881e44e}
	EndGlobalSection
EndGlobal
